<?xml version="1.0" encoding="utf-8"?>
<Project ToolsVersion="4.0" xmlns="http://schemas.microsoft.com/developer/msbuild/2003">
  <ItemGroup>
    <FxCompile Include="AssimpPixel.hlsl" />
    <FxCompile Include="AssimpVertex.hlsl" />
    <FxCompile Include="Pixel.hlsl" />
    <FxCompile Include="Pixel2D.hlsl" />
    <FxCompile Include="Vertex.hlsl" />
    <FxCompile Include="Vertex2D.hlsl" />
  </ItemGroup>
  <ItemGroup>
    <ClCompile Include="AssimpModel.cpp" />
    <ClCompile Include="bg.cpp" />
    <ClCompile Include="bullet.cpp" />
    <ClCompile Include="Camera.cpp" />
    <ClCompile Include="CSVLoader.cpp" />
    <ClCompile Include="debugproc.cpp" />
    <ClCompile Include="DirectWrite.cpp" />
    <ClCompile Include="enemy.cpp" />
    <ClCompile Include="enemyhp.cpp" />
    <ClCompile Include="enter.cpp" />
    <ClCompile Include="fade.cpp" />
    <ClCompile Include="field.cpp" />
    <ClCompile Include="field3D.cpp" />
    <ClCompile Include="flame.cpp" />
    <ClCompile Include="gameover.cpp" />
    <ClCompile Include="gauge.cpp" />
    <ClCompile Include="input.cpp" />
    <ClCompile Include="jyanken.cpp" />
    <ClCompile Include="Light.cpp" />
    <ClCompile Include="main.cpp" />
    <ClCompile Include="mesh.cpp" />
    <ClCompile Include="MessageManager.cpp" />
    <ClCompile Include="Moji.cpp" />
    <ClCompile Include="number.cpp" />
    <ClCompile Include="pause.cpp" />
    <ClCompile Include="player.cpp" />
    <ClCompile Include="playercs.cpp" />
    <ClCompile Include="playerhp.cpp" />
    <ClCompile Include="polygon.cpp" />
    <ClCompile Include="sceneClear.cpp" />
    <ClCompile Include="sceneGame.cpp" />
    <ClCompile Include="sceneGameover.cpp" />
    <ClCompile Include="sceneSelect.cpp" />
    <ClCompile Include="sceneSetumei.cpp" />
    <ClCompile Include="sceneTitle.cpp" />
    <ClCompile Include="select 2.cpp" />
    <ClCompile Include="select.cpp" />
    <ClCompile Include="selectstage.cpp" />
    <ClCompile Include="Shader.cpp" />
    <ClCompile Include="shadow.cpp" />
    <ClCompile Include="sound.cpp" />
    <ClCompile Include="stage.cpp" />
    <ClCompile Include="stage01.cpp" />
    <ClCompile Include="Texture.cpp" />
    <ClCompile Include="Title.cpp" />
    <ClCompile Include="wall.cpp" />
    <ClCompile Include="Egauge.cpp" />
    <ClCompile Include="phasecs.cpp" />
    <ClCompile Include="collision.cpp" />
    <ClCompile Include="VS.cpp" />
    <ClCompile Include="chimeracs.cpp" />
    <ClCompile Include="sceneChimera.cpp" />
    <ClCompile Include="pchimera.cpp" />
    <ClCompile Include="model.cpp" />
    <ClCompile Include="partsmenu.cpp" />
    <ClCompile Include="tab.cpp" />
    <ClCompile Include="Bpartsmenu.cpp" />
    <ClCompile Include="tex.cpp" />
    <ClCompile Include="Mpartsmenu.cpp" />
    <ClCompile Include="Upartsmenu.cpp" />
    <ClCompile Include="sceneBaSelect.cpp" />
    <ClCompile Include="effect.cpp" />
  </ItemGroup>
  <ItemGroup>
    <ClInclude Include="AssimpModel.h" />
    <ClInclude Include="bg.h" />
    <ClInclude Include="box.h" />
    <ClInclude Include="bullet.h" />
    <ClInclude Include="Camera.h" />
    <ClInclude Include="CSVLoader.h" />
    <ClInclude Include="debugproc.h" />
    <ClInclude Include="DirectWrite.h" />
    <ClInclude Include="enemy.h" />
    <ClInclude Include="enemyhp.h" />
    <ClInclude Include="enter.h" />
    <ClInclude Include="fade.h" />
    <ClInclude Include="field.h" />
    <ClInclude Include="field3D.h" />
    <ClInclude Include="flame.h" />
    <ClInclude Include="gameover.h" />
    <ClInclude Include="gauge.h" />
    <ClInclude Include="input.h" />
    <ClInclude Include="jyanken.h" />
    <ClInclude Include="Light.h" />
    <ClInclude Include="main.h" />
    <ClInclude Include="mesh.h" />
    <ClInclude Include="MessageManager.h" />
    <ClInclude Include="Moji.h" />
    <ClInclude Include="number.h" />
    <ClInclude Include="pause.h" />
    <ClInclude Include="player.h" />
    <ClInclude Include="playercs.h" />
    <ClInclude Include="playerhp.h" />
    <ClInclude Include="polygon.h" />
    <ClInclude Include="resource.h" />
    <ClInclude Include="sceneClear.h" />
    <ClInclude Include="sceneGame.h" />
    <ClInclude Include="sceneGameover.h" />
    <ClInclude Include="sceneSelect.h" />
    <ClInclude Include="sceneSetumei.h" />
    <ClInclude Include="sceneTitle.h" />
    <ClInclude Include="select 2.h" />
    <ClInclude Include="select.h" />
    <ClInclude Include="selectstage.h" />
    <ClInclude Include="Shader.h" />
    <ClInclude Include="shadow.h" />
    <ClInclude Include="sound.h" />
    <ClInclude Include="stage.h" />
    <ClInclude Include="Texture.h" />
    <ClInclude Include="Title.h" />
    <ClInclude Include="wall.h" />
    <ClInclude Include="Egauge.h" />
    <ClInclude Include="phasecs.h" />
    <ClInclude Include="collision.h" />
    <ClInclude Include="VS.h" />
    <ClInclude Include="chimeracs.h" />
    <ClInclude Include="sceneChimera.h" />
    <ClInclude Include="pchimera.h" />
    <ClInclude Include="model.h" />
    <ClInclude Include="partsmenu.h" />
    <ClInclude Include="tab.h" />
    <ClInclude Include="Bpartsmenu.h" />
    <ClInclude Include="tex.h" />
    <ClInclude Include="Mpartsmenu.h" />
    <ClInclude Include="Upartsmenu.h" />
    <ClInclude Include="sceneBaSelect.h" />
    <ClInclude Include="effect.h" />
  </ItemGroup>
  <ItemGroup>
    <ResourceCompile Include="DX11Game.rc" />
  </ItemGroup>
  <ItemGroup>
    <Image Include="res\directx.ico" />
  </ItemGroup>
</Project>